
Microsoft Visual Studio Solution File, Format Version 12.00
# Visual Studio Version 16
VisualStudioVersion = 16.0.31129.286
MinimumVisualStudioVersion = 10.0.40219.1
Project("{FAE04EC0-301F-11D3-BF4B-00C04F79EFBC}") = "Task_RoboCom", "Task_RoboCom\Task_RoboCom.csproj", "{A520FB89-A4C1-4A07-A7E1-CDE16571B885}"
EndProject
Global
	GlobalSection(SolutionConfigurationPlatforms) = preSolution
		Debug|Any CPU = Debug|Any CPU
		Release|Any CPU = Release|Any CPU
	EndGlobalSection
	GlobalSection(ProjectConfigurationPlatforms) = postSolution
		{A520FB89-A4C1-4A07-A7E1-CDE16571B885}.Debug|Any CPU.ActiveCfg = Debug|Any CPU
		{A520FB89-A4C1-4A07-A7E1-CDE16571B885}.Debug|Any CPU.Build.0 = Debug|Any CPU
		{A520FB89-A4C1-4A07-A7E1-CDE16571B885}.Release|Any CPU.ActiveCfg = Release|Any CPU
		{A520FB89-A4C1-4A07-A7E1-CDE16571B885}.Release|Any CPU.Build.0 = Release|Any CPU
	EndGlobalSection
	GlobalSection(SolutionProperties) = preSolution
		HideSolutionNode = FALSE
	EndGlobalSection
	GlobalSection(ExtensibilityGlobals) = postSolution
		SolutionGuid = {E7413EC9-F08F-4032-81F4-FB2457C3A7C1}
	EndGlobalSection
EndGlobal
